
Microsoft Visual Studio Solution File, Format Version 12.00
# Visual Studio Version 16
VisualStudioVersion = 16.0.31005.135
MinimumVisualStudioVersion = 10.0.40219.1
Project("{FAE04EC0-301F-11D3-BF4B-00C04F79EFBC}") = "ProjeCore", "ProjeCore.csproj", "{FB5D7732-76DC-425D-A001-7D022CC9BA7B}"
EndProject
Global
	GlobalSection(SolutionConfigurationPlatforms) = preSolution
		Debug|Any CPU = Debug|Any CPU
		Release|Any CPU = Release|Any CPU
	EndGlobalSection
	GlobalSection(ProjectConfigurationPlatforms) = postSolution
		{FB5D7732-76DC-425D-A001-7D022CC9BA7B}.Debug|Any CPU.ActiveCfg = Debug|Any CPU
		{FB5D7732-76DC-425D-A001-7D022CC9BA7B}.Debug|Any CPU.Build.0 = Debug|Any CPU
		{FB5D7732-76DC-425D-A001-7D022CC9BA7B}.Release|Any CPU.ActiveCfg = Release|Any CPU
		{FB5D7732-76DC-425D-A001-7D022CC9BA7B}.Release|Any CPU.Build.0 = Release|Any CPU
	EndGlobalSection
	GlobalSection(SolutionProperties) = preSolution
		HideSolutionNode = FALSE
	EndGlobalSection
	GlobalSection(ExtensibilityGlobals) = postSolution
		SolutionGuid = {AAD0D5D2-686F-41DF-B67D-E5AE75807110}
	EndGlobalSection
EndGlobal
